
Microsoft Visual Studio Solution File, Format Version 12.00
# Visual Studio 2012
Project("{2857B73E-F847-4B02-9238-064979017E93}") = "file_server", "file_server\file_server.cproj", "{A961311C-0D91-423A-9D91-B8B02C337F6A}"
EndProject
Global
	GlobalSection(SolutionConfigurationPlatforms) = preSolution
		Debug|Any CPU = Debug|Any CPU
		Release|Any CPU = Release|Any CPU
	EndGlobalSection
	GlobalSection(ProjectConfigurationPlatforms) = postSolution
		{A961311C-0D91-423A-9D91-B8B02C337F6A}.Debug|Any CPU.ActiveCfg = Debug|Any CPU
		{A961311C-0D91-423A-9D91-B8B02C337F6A}.Debug|Any CPU.Build.0 = Debug|Any CPU
		{A961311C-0D91-423A-9D91-B8B02C337F6A}.Release|Any CPU.ActiveCfg = Release|Any CPU
		{A961311C-0D91-423A-9D91-B8B02C337F6A}.Release|Any CPU.Build.0 = Release|Any CPU
	EndGlobalSection
	GlobalSection(MonoDevelopProperties) = preSolution
		StartupItem = file_server\file_server.cproj
	EndGlobalSection
EndGlobal
