
Microsoft Visual Studio Solution File, Format Version 12.00
# Visual Studio 2012
Project("{2857B73E-F847-4B02-9238-064979017E93}") = "file_udp_server", "file_udp_server\file_udp_server.cproj", "{491DD08C-D119-4A9C-BA2D-48680F9A98CF}"
EndProject
Global
	GlobalSection(SolutionConfigurationPlatforms) = preSolution
		Debug|Any CPU = Debug|Any CPU
		Release|Any CPU = Release|Any CPU
	EndGlobalSection
	GlobalSection(ProjectConfigurationPlatforms) = postSolution
		{491DD08C-D119-4A9C-BA2D-48680F9A98CF}.Debug|Any CPU.ActiveCfg = Debug|Any CPU
		{491DD08C-D119-4A9C-BA2D-48680F9A98CF}.Debug|Any CPU.Build.0 = Debug|Any CPU
		{491DD08C-D119-4A9C-BA2D-48680F9A98CF}.Release|Any CPU.ActiveCfg = Release|Any CPU
		{491DD08C-D119-4A9C-BA2D-48680F9A98CF}.Release|Any CPU.Build.0 = Release|Any CPU
	EndGlobalSection
	GlobalSection(MonoDevelopProperties) = preSolution
		StartupItem = file_udp_server\file_udp_server.cproj
	EndGlobalSection
EndGlobal
